
Microsoft Visual Studio Solution File, Format Version 12.00
# Visual Studio Version 17
VisualStudioVersion = 17.14.36429.23
MinimumVisualStudioVersion = 10.0.40219.1
Project("{2150E333-8FDC-42A3-9474-1A3956D46DE8}") = "Task0", "Task0", "{02EA681E-C7D8-13C7-8484-4AC65E1B71E8}"
EndProject
Project("{FAE04EC0-301F-11D3-BF4B-00C04F79EFBC}") = "Tyuiu.RadochinaAP.Sprint2.Task0.V17", "Tyuiu.RadochinaAP.Sprint2.Task0.V17\Tyuiu.RadochinaAP.Sprint2.Task0.V17.csproj", "{E599D817-8E53-4B75-9174-4F99D239FBA9}"
EndProject
Project("{FAE04EC0-301F-11D3-BF4B-00C04F79EFBC}") = "Tyuiu.RadochinaAP.Sprint2.Task0.V17.Test", "Tyuiu.RadochinaAP.Sprint2.Task0.V17.Test\Tyuiu.RadochinaAP.Sprint2.Task0.V17.Test.csproj", "{26DE4472-8CFC-43B3-B7DB-0DE848BFA4DF}"
EndProject
Project("{FAE04EC0-301F-11D3-BF4B-00C04F79EFBC}") = "Tyuiu.RadochinaAP.Sprint2.Task0.V17.Lib", "Tyuiu.RadochinaAP.Sprint2.Task0.V17.Lib\Tyuiu.RadochinaAP.Sprint2.Task0.V17.Lib.csproj", "{3B428174-93A5-478D-BC50-D476FB794BBD}"
EndProject
Project("{2150E333-8FDC-42A3-9474-1A3956D46DE8}") = "Task1", "Task1", "{57FE0041-BEC7-4362-899A-4FD73887E0BF}"
EndProject
Project("{FAE04EC0-301F-11D3-BF4B-00C04F79EFBC}") = "Tyuiu.RadochinaAP.Sprint2.Task1.V30.Lib", "Tyuiu.RadochinaAP.Sprint2.Task1.V30.Lib\Tyuiu.RadochinaAP.Sprint2.Task1.V30.Lib.csproj", "{3A4B42E3-2346-4ED9-8E9D-A3C9188402F1}"
EndProject
Project("{FAE04EC0-301F-11D3-BF4B-00C04F79EFBC}") = "Tyuiu.RadochinaAP.Sprint2.Task1.V30", "Tyuiu.RadochinaAP.Sprint2.Task1.V30\Tyuiu.RadochinaAP.Sprint2.Task1.V30.csproj", "{C57B1CF0-28FD-40F8-BB1D-46881D8AB8C3}"
EndProject
Project("{FAE04EC0-301F-11D3-BF4B-00C04F79EFBC}") = "Tyuiu.RadochinaAP.Sprint2.Task1.V30.Test", "Tyuiu.RadochinaAP.Sprint2.Task1.V30.Test\Tyuiu.RadochinaAP.Sprint2.Task1.V30.Test.csproj", "{4C1B2E19-80B4-41F0-8FFD-DAADF2896971}"
EndProject
Project("{2150E333-8FDC-42A3-9474-1A3956D46DE8}") = "Task2", "Task2", "{9463872C-F92A-4017-BCD9-9A6FFF55147A}"
EndProject
Project("{FAE04EC0-301F-11D3-BF4B-00C04F79EFBC}") = "Tyuiu.RadochinaAP.Sprint2.Task2.V25.Test", "Tyuiu.RadochinaAP.Sprint2.Task2.V25.Test\Tyuiu.RadochinaAP.Sprint2.Task2.V25.Test.csproj", "{7487A9A9-0F43-4E3B-BA6C-B7397773CED7}"
EndProject
Project("{FAE04EC0-301F-11D3-BF4B-00C04F79EFBC}") = "Tyuiu.RadochinaAP.Sprint2.Task2.V25", "Tyuiu.RadochinaAP.Sprint2.Task2.V25\Tyuiu.RadochinaAP.Sprint2.Task2.V25.csproj", "{55EC465F-466B-4428-A64F-AAF0E92B5DAB}"
EndProject
Project("{FAE04EC0-301F-11D3-BF4B-00C04F79EFBC}") = "Tyuiu.RadochinaAP.Sprint2.Task2.V25.Lib", "Tyuiu.RadochinaAP.Sprint2.Task2.V25.Lib\Tyuiu.RadochinaAP.Sprint2.Task2.V25.Lib.csproj", "{DD05C234-CB7F-42B5-97CA-42C19015EDDE}"
EndProject
Project("{2150E333-8FDC-42A3-9474-1A3956D46DE8}") = "Task3", "Task3", "{84E1A6F4-1B5C-418D-839D-440D0DFEF0B0}"
EndProject
Project("{FAE04EC0-301F-11D3-BF4B-00C04F79EFBC}") = "Tyuiu.RadochinaAP.Sprint2.Task3.V1.Lib", "Tyuiu.RadochinaAP.Sprint2.Task3.V1.Lib\Tyuiu.RadochinaAP.Sprint2.Task3.V1.Lib.csproj", "{6BDEA3D5-A86B-48E2-A212-F8E7D238AD89}"
EndProject
Project("{FAE04EC0-301F-11D3-BF4B-00C04F79EFBC}") = "Tyuiu.RadochinaAP.Sprint2.Task3.V1", "Tyuiu.RadochinaAP.Sprint2.Task3.V1\Tyuiu.RadochinaAP.Sprint2.Task3.V1.csproj", "{C9438584-90B2-4032-926B-369320B5AAAC}"
EndProject
Project("{FAE04EC0-301F-11D3-BF4B-00C04F79EFBC}") = "Tyuiu.RadochinaAP.Sprint2.Task3.V1.Test", "Tyuiu.RadochinaAP.Sprint2.Task3.V1.Test\Tyuiu.RadochinaAP.Sprint2.Task3.V1.Test.csproj", "{9A0C138C-1015-4EF0-9FA9-89F20C82BD97}"
EndProject
Project("{2150E333-8FDC-42A3-9474-1A3956D46DE8}") = "Task4", "Task4", "{D3B97DBA-2F02-4160-8358-B6AAAD86D620}"
EndProject
Project("{FAE04EC0-301F-11D3-BF4B-00C04F79EFBC}") = "Tyuiu.RadochinaAP.Sprint2.Task4.V18.Test", "Tyuiu.RadochinaAP.Sprint2.Task4.V18.Test\Tyuiu.RadochinaAP.Sprint2.Task4.V18.Test.csproj", "{FFB0E9B4-337F-444D-A2A5-BF2D3A0EA64B}"
EndProject
Project("{FAE04EC0-301F-11D3-BF4B-00C04F79EFBC}") = "Tyuiu.RadochinaAP.Sprint2.Task4.V18", "Tyuiu.RadochinaAP.Sprint2.Task4.V18\Tyuiu.RadochinaAP.Sprint2.Task4.V18.csproj", "{D6DCE683-8531-4B5D-93E8-74A3BE1A646D}"
EndProject
Project("{FAE04EC0-301F-11D3-BF4B-00C04F79EFBC}") = "Tyuiu.RadochinaAP.Sprint2.Task4.V18.Lib", "Tyuiu.RadochinaAP.Sprint2.Task4.V18.Lib\Tyuiu.RadochinaAP.Sprint2.Task4.V18.Lib.csproj", "{1B1C7BD9-1919-4A37-AB8C-33D7782CE24C}"
EndProject
Project("{2150E333-8FDC-42A3-9474-1A3956D46DE8}") = "Task5", "Task5", "{457ABD98-ADFA-4EF0-9777-DC8316F81DA1}"
EndProject
Project("{FAE04EC0-301F-11D3-BF4B-00C04F79EFBC}") = "Tyuiu.RadochinaAP.Sprint2.Task5.V13.Lib", "Tyuiu.RadochinaAP.Sprint2.Task5.V13.Lib\Tyuiu.RadochinaAP.Sprint2.Task5.V13.Lib.csproj", "{2A0CB445-472E-42E2-A4E7-A788D2CEBF4F}"
EndProject
Project("{FAE04EC0-301F-11D3-BF4B-00C04F79EFBC}") = "Tyuiu.RadochinaAP.Sprint2.Task5.V13", "Tyuiu.RadochinaAP.Sprint2.Task5.V13\Tyuiu.RadochinaAP.Sprint2.Task5.V13.csproj", "{E3A9343E-A5B0-4A8D-A3C2-292D6E322041}"
EndProject
Project("{FAE04EC0-301F-11D3-BF4B-00C04F79EFBC}") = "Tyuiu.RadochinaAP.Sprint2.Task5.V13.Test", "Tyuiu.RadochinaAP.Sprint2.Task5.V13.Test\Tyuiu.RadochinaAP.Sprint2.Task5.V13.Test.csproj", "{72BFF611-3502-422B-8F70-B52A363F90D7}"
EndProject
Global
	GlobalSection(SolutionConfigurationPlatforms) = preSolution
		Debug|Any CPU = Debug|Any CPU
		Release|Any CPU = Release|Any CPU
	EndGlobalSection
	GlobalSection(ProjectConfigurationPlatforms) = postSolution
		{E599D817-8E53-4B75-9174-4F99D239FBA9}.Debug|Any CPU.ActiveCfg = Debug|Any CPU
		{E599D817-8E53-4B75-9174-4F99D239FBA9}.Debug|Any CPU.Build.0 = Debug|Any CPU
		{E599D817-8E53-4B75-9174-4F99D239FBA9}.Release|Any CPU.ActiveCfg = Release|Any CPU
		{E599D817-8E53-4B75-9174-4F99D239FBA9}.Release|Any CPU.Build.0 = Release|Any CPU
		{26DE4472-8CFC-43B3-B7DB-0DE848BFA4DF}.Debug|Any CPU.ActiveCfg = Debug|Any CPU
		{26DE4472-8CFC-43B3-B7DB-0DE848BFA4DF}.Debug|Any CPU.Build.0 = Debug|Any CPU
		{26DE4472-8CFC-43B3-B7DB-0DE848BFA4DF}.Release|Any CPU.ActiveCfg = Release|Any CPU
		{26DE4472-8CFC-43B3-B7DB-0DE848BFA4DF}.Release|Any CPU.Build.0 = Release|Any CPU
		{3B428174-93A5-478D-BC50-D476FB794BBD}.Debug|Any CPU.ActiveCfg = Debug|Any CPU
		{3B428174-93A5-478D-BC50-D476FB794BBD}.Debug|Any CPU.Build.0 = Debug|Any CPU
		{3B428174-93A5-478D-BC50-D476FB794BBD}.Release|Any CPU.ActiveCfg = Release|Any CPU
		{3B428174-93A5-478D-BC50-D476FB794BBD}.Release|Any CPU.Build.0 = Release|Any CPU
		{3A4B42E3-2346-4ED9-8E9D-A3C9188402F1}.Debug|Any CPU.ActiveCfg = Debug|Any CPU
		{3A4B42E3-2346-4ED9-8E9D-A3C9188402F1}.Debug|Any CPU.Build.0 = Debug|Any CPU
		{3A4B42E3-2346-4ED9-8E9D-A3C9188402F1}.Release|Any CPU.ActiveCfg = Release|Any CPU
		{3A4B42E3-2346-4ED9-8E9D-A3C9188402F1}.Release|Any CPU.Build.0 = Release|Any CPU
		{C57B1CF0-28FD-40F8-BB1D-46881D8AB8C3}.Debug|Any CPU.ActiveCfg = Debug|Any CPU
		{C57B1CF0-28FD-40F8-BB1D-46881D8AB8C3}.Debug|Any CPU.Build.0 = Debug|Any CPU
		{C57B1CF0-28FD-40F8-BB1D-46881D8AB8C3}.Release|Any CPU.ActiveCfg = Release|Any CPU
		{C57B1CF0-28FD-40F8-BB1D-46881D8AB8C3}.Release|Any CPU.Build.0 = Release|Any CPU
		{4C1B2E19-80B4-41F0-8FFD-DAADF2896971}.Debug|Any CPU.ActiveCfg = Debug|Any CPU
		{4C1B2E19-80B4-41F0-8FFD-DAADF2896971}.Debug|Any CPU.Build.0 = Debug|Any CPU
		{4C1B2E19-80B4-41F0-8FFD-DAADF2896971}.Release|Any CPU.ActiveCfg = Release|Any CPU
		{4C1B2E19-80B4-41F0-8FFD-DAADF2896971}.Release|Any CPU.Build.0 = Release|Any CPU
		{7487A9A9-0F43-4E3B-BA6C-B7397773CED7}.Debug|Any CPU.ActiveCfg = Debug|Any CPU
		{7487A9A9-0F43-4E3B-BA6C-B7397773CED7}.Debug|Any CPU.Build.0 = Debug|Any CPU
		{7487A9A9-0F43-4E3B-BA6C-B7397773CED7}.Release|Any CPU.ActiveCfg = Release|Any CPU
		{7487A9A9-0F43-4E3B-BA6C-B7397773CED7}.Release|Any CPU.Build.0 = Release|Any CPU
		{55EC465F-466B-4428-A64F-AAF0E92B5DAB}.Debug|Any CPU.ActiveCfg = Debug|Any CPU
		{55EC465F-466B-4428-A64F-AAF0E92B5DAB}.Debug|Any CPU.Build.0 = Debug|Any CPU
		{55EC465F-466B-4428-A64F-AAF0E92B5DAB}.Release|Any CPU.ActiveCfg = Release|Any CPU
		{55EC465F-466B-4428-A64F-AAF0E92B5DAB}.Release|Any CPU.Build.0 = Release|Any CPU
		{DD05C234-CB7F-42B5-97CA-42C19015EDDE}.Debug|Any CPU.ActiveCfg = Debug|Any CPU
		{DD05C234-CB7F-42B5-97CA-42C19015EDDE}.Debug|Any CPU.Build.0 = Debug|Any CPU
		{DD05C234-CB7F-42B5-97CA-42C19015EDDE}.Release|Any CPU.ActiveCfg = Release|Any CPU
		{DD05C234-CB7F-42B5-97CA-42C19015EDDE}.Release|Any CPU.Build.0 = Release|Any CPU
		{6BDEA3D5-A86B-48E2-A212-F8E7D238AD89}.Debug|Any CPU.ActiveCfg = Debug|Any CPU
		{6BDEA3D5-A86B-48E2-A212-F8E7D238AD89}.Debug|Any CPU.Build.0 = Debug|Any CPU
		{6BDEA3D5-A86B-48E2-A212-F8E7D238AD89}.Release|Any CPU.ActiveCfg = Release|Any CPU
		{6BDEA3D5-A86B-48E2-A212-F8E7D238AD89}.Release|Any CPU.Build.0 = Release|Any CPU
		{C9438584-90B2-4032-926B-369320B5AAAC}.Debug|Any CPU.ActiveCfg = Debug|Any CPU
		{C9438584-90B2-4032-926B-369320B5AAAC}.Debug|Any CPU.Build.0 = Debug|Any CPU
		{C9438584-90B2-4032-926B-369320B5AAAC}.Release|Any CPU.ActiveCfg = Release|Any CPU
		{C9438584-90B2-4032-926B-369320B5AAAC}.Release|Any CPU.Build.0 = Release|Any CPU
		{9A0C138C-1015-4EF0-9FA9-89F20C82BD97}.Debug|Any CPU.ActiveCfg = Debug|Any CPU
		{9A0C138C-1015-4EF0-9FA9-89F20C82BD97}.Debug|Any CPU.Build.0 = Debug|Any CPU
		{9A0C138C-1015-4EF0-9FA9-89F20C82BD97}.Release|Any CPU.ActiveCfg = Release|Any CPU
		{9A0C138C-1015-4EF0-9FA9-89F20C82BD97}.Release|Any CPU.Build.0 = Release|Any CPU
		{FFB0E9B4-337F-444D-A2A5-BF2D3A0EA64B}.Debug|Any CPU.ActiveCfg = Debug|Any CPU
		{FFB0E9B4-337F-444D-A2A5-BF2D3A0EA64B}.Debug|Any CPU.Build.0 = Debug|Any CPU
		{FFB0E9B4-337F-444D-A2A5-BF2D3A0EA64B}.Release|Any CPU.ActiveCfg = Release|Any CPU
		{FFB0E9B4-337F-444D-A2A5-BF2D3A0EA64B}.Release|Any CPU.Build.0 = Release|Any CPU
		{D6DCE683-8531-4B5D-93E8-74A3BE1A646D}.Debug|Any CPU.ActiveCfg = Debug|Any CPU
		{D6DCE683-8531-4B5D-93E8-74A3BE1A646D}.Debug|Any CPU.Build.0 = Debug|Any CPU
		{D6DCE683-8531-4B5D-93E8-74A3BE1A646D}.Release|Any CPU.ActiveCfg = Release|Any CPU
		{D6DCE683-8531-4B5D-93E8-74A3BE1A646D}.Release|Any CPU.Build.0 = Release|Any CPU
		{1B1C7BD9-1919-4A37-AB8C-33D7782CE24C}.Debug|Any CPU.ActiveCfg = Debug|Any CPU
		{1B1C7BD9-1919-4A37-AB8C-33D7782CE24C}.Debug|Any CPU.Build.0 = Debug|Any CPU
		{1B1C7BD9-1919-4A37-AB8C-33D7782CE24C}.Release|Any CPU.ActiveCfg = Release|Any CPU
		{1B1C7BD9-1919-4A37-AB8C-33D7782CE24C}.Release|Any CPU.Build.0 = Release|Any CPU
		{2A0CB445-472E-42E2-A4E7-A788D2CEBF4F}.Debug|Any CPU.ActiveCfg = Debug|Any CPU
		{2A0CB445-472E-42E2-A4E7-A788D2CEBF4F}.Debug|Any CPU.Build.0 = Debug|Any CPU
		{2A0CB445-472E-42E2-A4E7-A788D2CEBF4F}.Release|Any CPU.ActiveCfg = Release|Any CPU
		{2A0CB445-472E-42E2-A4E7-A788D2CEBF4F}.Release|Any CPU.Build.0 = Release|Any CPU
		{E3A9343E-A5B0-4A8D-A3C2-292D6E322041}.Debug|Any CPU.ActiveCfg = Debug|Any CPU
		{E3A9343E-A5B0-4A8D-A3C2-292D6E322041}.Debug|Any CPU.Build.0 = Debug|Any CPU
		{E3A9343E-A5B0-4A8D-A3C2-292D6E322041}.Release|Any CPU.ActiveCfg = Release|Any CPU
		{E3A9343E-A5B0-4A8D-A3C2-292D6E322041}.Release|Any CPU.Build.0 = Release|Any CPU
		{72BFF611-3502-422B-8F70-B52A363F90D7}.Debug|Any CPU.ActiveCfg = Debug|Any CPU
		{72BFF611-3502-422B-8F70-B52A363F90D7}.Debug|Any CPU.Build.0 = Debug|Any CPU
		{72BFF611-3502-422B-8F70-B52A363F90D7}.Release|Any CPU.ActiveCfg = Release|Any CPU
		{72BFF611-3502-422B-8F70-B52A363F90D7}.Release|Any CPU.Build.0 = Release|Any CPU
	EndGlobalSection
	GlobalSection(SolutionProperties) = preSolution
		HideSolutionNode = FALSE
	EndGlobalSection
	GlobalSection(NestedProjects) = preSolution
		{E599D817-8E53-4B75-9174-4F99D239FBA9} = {02EA681E-C7D8-13C7-8484-4AC65E1B71E8}
		{26DE4472-8CFC-43B3-B7DB-0DE848BFA4DF} = {02EA681E-C7D8-13C7-8484-4AC65E1B71E8}
		{3B428174-93A5-478D-BC50-D476FB794BBD} = {02EA681E-C7D8-13C7-8484-4AC65E1B71E8}
		{3A4B42E3-2346-4ED9-8E9D-A3C9188402F1} = {57FE0041-BEC7-4362-899A-4FD73887E0BF}
		{C57B1CF0-28FD-40F8-BB1D-46881D8AB8C3} = {57FE0041-BEC7-4362-899A-4FD73887E0BF}
		{4C1B2E19-80B4-41F0-8FFD-DAADF2896971} = {57FE0041-BEC7-4362-899A-4FD73887E0BF}
		{7487A9A9-0F43-4E3B-BA6C-B7397773CED7} = {9463872C-F92A-4017-BCD9-9A6FFF55147A}
		{55EC465F-466B-4428-A64F-AAF0E92B5DAB} = {9463872C-F92A-4017-BCD9-9A6FFF55147A}
		{DD05C234-CB7F-42B5-97CA-42C19015EDDE} = {9463872C-F92A-4017-BCD9-9A6FFF55147A}
		{6BDEA3D5-A86B-48E2-A212-F8E7D238AD89} = {84E1A6F4-1B5C-418D-839D-440D0DFEF0B0}
		{C9438584-90B2-4032-926B-369320B5AAAC} = {84E1A6F4-1B5C-418D-839D-440D0DFEF0B0}
		{9A0C138C-1015-4EF0-9FA9-89F20C82BD97} = {84E1A6F4-1B5C-418D-839D-440D0DFEF0B0}
		{FFB0E9B4-337F-444D-A2A5-BF2D3A0EA64B} = {D3B97DBA-2F02-4160-8358-B6AAAD86D620}
		{D6DCE683-8531-4B5D-93E8-74A3BE1A646D} = {D3B97DBA-2F02-4160-8358-B6AAAD86D620}
		{1B1C7BD9-1919-4A37-AB8C-33D7782CE24C} = {D3B97DBA-2F02-4160-8358-B6AAAD86D620}
		{2A0CB445-472E-42E2-A4E7-A788D2CEBF4F} = {457ABD98-ADFA-4EF0-9777-DC8316F81DA1}
		{E3A9343E-A5B0-4A8D-A3C2-292D6E322041} = {457ABD98-ADFA-4EF0-9777-DC8316F81DA1}
		{72BFF611-3502-422B-8F70-B52A363F90D7} = {457ABD98-ADFA-4EF0-9777-DC8316F81DA1}
	EndGlobalSection
	GlobalSection(ExtensibilityGlobals) = postSolution
		SolutionGuid = {6FF02406-E39A-4C18-B922-2DCDE923596D}
	EndGlobalSection
EndGlobal
