
Microsoft Visual Studio Solution File, Format Version 12.00
# Visual Studio Version 17
VisualStudioVersion = 17.14.36429.23 d17.14
MinimumVisualStudioVersion = 10.0.40219.1
Project("{2150E333-8FDC-42A3-9474-1A3956D46DE8}") = "Task0", "Task0", "{02EA681E-C7D8-13C7-8484-4AC65E1B71E8}"
EndProject
Project("{FAE04EC0-301F-11D3-BF4B-00C04F79EFBC}") = "Tyuiu.RadochinaAP.Sprint2.Task0.V17", "Tyuiu.RadochinaAP.Sprint2.Task0.V17\Tyuiu.RadochinaAP.Sprint2.Task0.V17.csproj", "{E599D817-8E53-4B75-9174-4F99D239FBA9}"
EndProject
Project("{FAE04EC0-301F-11D3-BF4B-00C04F79EFBC}") = "Tyuiu.RadochinaAP.Sprint2.Task0.V17.Test", "Tyuiu.RadochinaAP.Sprint2.Task0.V17.Test\Tyuiu.RadochinaAP.Sprint2.Task0.V17.Test.csproj", "{26DE4472-8CFC-43B3-B7DB-0DE848BFA4DF}"
EndProject
Project("{FAE04EC0-301F-11D3-BF4B-00C04F79EFBC}") = "Tyuiu.RadochinaAP.Sprint2.Task0.V17.Lib", "Tyuiu.RadochinaAP.Sprint2.Task0.V17.Lib\Tyuiu.RadochinaAP.Sprint2.Task0.V17.Lib.csproj", "{3B428174-93A5-478D-BC50-D476FB794BBD}"
EndProject
Project("{2150E333-8FDC-42A3-9474-1A3956D46DE8}") = "Task1", "Task1", "{57FE0041-BEC7-4362-899A-4FD73887E0BF}"
EndProject
Project("{FAE04EC0-301F-11D3-BF4B-00C04F79EFBC}") = "Tyuiu.RadochinaAP.Sprint2.Task1.V30.Lib", "Tyuiu.RadochinaAP.Sprint2.Task1.V30.Lib\Tyuiu.RadochinaAP.Sprint2.Task1.V30.Lib.csproj", "{3A4B42E3-2346-4ED9-8E9D-A3C9188402F1}"
EndProject
Project("{FAE04EC0-301F-11D3-BF4B-00C04F79EFBC}") = "Tyuiu.RadochinaAP.Sprint2.Task1.V30", "Tyuiu.RadochinaAP.Sprint2.Task1.V30\Tyuiu.RadochinaAP.Sprint2.Task1.V30.csproj", "{C57B1CF0-28FD-40F8-BB1D-46881D8AB8C3}"
EndProject
Project("{FAE04EC0-301F-11D3-BF4B-00C04F79EFBC}") = "Tyuiu.RadochinaAP.Sprint2.Task1.V30.Test", "Tyuiu.RadochinaAP.Sprint2.Task1.V30.Test\Tyuiu.RadochinaAP.Sprint2.Task1.V30.Test.csproj", "{4C1B2E19-80B4-41F0-8FFD-DAADF2896971}"
EndProject
Global
	GlobalSection(SolutionConfigurationPlatforms) = preSolution
		Debug|Any CPU = Debug|Any CPU
		Release|Any CPU = Release|Any CPU
	EndGlobalSection
	GlobalSection(ProjectConfigurationPlatforms) = postSolution
		{E599D817-8E53-4B75-9174-4F99D239FBA9}.Debug|Any CPU.ActiveCfg = Debug|Any CPU
		{E599D817-8E53-4B75-9174-4F99D239FBA9}.Debug|Any CPU.Build.0 = Debug|Any CPU
		{E599D817-8E53-4B75-9174-4F99D239FBA9}.Release|Any CPU.ActiveCfg = Release|Any CPU
		{E599D817-8E53-4B75-9174-4F99D239FBA9}.Release|Any CPU.Build.0 = Release|Any CPU
		{26DE4472-8CFC-43B3-B7DB-0DE848BFA4DF}.Debug|Any CPU.ActiveCfg = Debug|Any CPU
		{26DE4472-8CFC-43B3-B7DB-0DE848BFA4DF}.Debug|Any CPU.Build.0 = Debug|Any CPU
		{26DE4472-8CFC-43B3-B7DB-0DE848BFA4DF}.Release|Any CPU.ActiveCfg = Release|Any CPU
		{26DE4472-8CFC-43B3-B7DB-0DE848BFA4DF}.Release|Any CPU.Build.0 = Release|Any CPU
		{3B428174-93A5-478D-BC50-D476FB794BBD}.Debug|Any CPU.ActiveCfg = Debug|Any CPU
		{3B428174-93A5-478D-BC50-D476FB794BBD}.Debug|Any CPU.Build.0 = Debug|Any CPU
		{3B428174-93A5-478D-BC50-D476FB794BBD}.Release|Any CPU.ActiveCfg = Release|Any CPU
		{3B428174-93A5-478D-BC50-D476FB794BBD}.Release|Any CPU.Build.0 = Release|Any CPU
		{3A4B42E3-2346-4ED9-8E9D-A3C9188402F1}.Debug|Any CPU.ActiveCfg = Debug|Any CPU
		{3A4B42E3-2346-4ED9-8E9D-A3C9188402F1}.Debug|Any CPU.Build.0 = Debug|Any CPU
		{3A4B42E3-2346-4ED9-8E9D-A3C9188402F1}.Release|Any CPU.ActiveCfg = Release|Any CPU
		{3A4B42E3-2346-4ED9-8E9D-A3C9188402F1}.Release|Any CPU.Build.0 = Release|Any CPU
		{C57B1CF0-28FD-40F8-BB1D-46881D8AB8C3}.Debug|Any CPU.ActiveCfg = Debug|Any CPU
		{C57B1CF0-28FD-40F8-BB1D-46881D8AB8C3}.Debug|Any CPU.Build.0 = Debug|Any CPU
		{C57B1CF0-28FD-40F8-BB1D-46881D8AB8C3}.Release|Any CPU.ActiveCfg = Release|Any CPU
		{C57B1CF0-28FD-40F8-BB1D-46881D8AB8C3}.Release|Any CPU.Build.0 = Release|Any CPU
		{4C1B2E19-80B4-41F0-8FFD-DAADF2896971}.Debug|Any CPU.ActiveCfg = Debug|Any CPU
		{4C1B2E19-80B4-41F0-8FFD-DAADF2896971}.Debug|Any CPU.Build.0 = Debug|Any CPU
		{4C1B2E19-80B4-41F0-8FFD-DAADF2896971}.Release|Any CPU.ActiveCfg = Release|Any CPU
		{4C1B2E19-80B4-41F0-8FFD-DAADF2896971}.Release|Any CPU.Build.0 = Release|Any CPU
	EndGlobalSection
	GlobalSection(SolutionProperties) = preSolution
		HideSolutionNode = FALSE
	EndGlobalSection
	GlobalSection(NestedProjects) = preSolution
		{E599D817-8E53-4B75-9174-4F99D239FBA9} = {02EA681E-C7D8-13C7-8484-4AC65E1B71E8}
		{26DE4472-8CFC-43B3-B7DB-0DE848BFA4DF} = {02EA681E-C7D8-13C7-8484-4AC65E1B71E8}
		{3B428174-93A5-478D-BC50-D476FB794BBD} = {02EA681E-C7D8-13C7-8484-4AC65E1B71E8}
		{3A4B42E3-2346-4ED9-8E9D-A3C9188402F1} = {57FE0041-BEC7-4362-899A-4FD73887E0BF}
		{C57B1CF0-28FD-40F8-BB1D-46881D8AB8C3} = {57FE0041-BEC7-4362-899A-4FD73887E0BF}
		{4C1B2E19-80B4-41F0-8FFD-DAADF2896971} = {57FE0041-BEC7-4362-899A-4FD73887E0BF}
	EndGlobalSection
	GlobalSection(ExtensibilityGlobals) = postSolution
		SolutionGuid = {6FF02406-E39A-4C18-B922-2DCDE923596D}
	EndGlobalSection
EndGlobal
